
Microsoft Visual Studio Solution File, Format Version 12.00
# Visual Studio Version 16
VisualStudioVersion = 16.0.30225.117
MinimumVisualStudioVersion = 10.0.40219.1
Project("{FAE04EC0-301F-11D3-BF4B-00C04F79EFBC}") = "JobberGuys", "JobberGuys\JobberGuys.csproj", "{3FDB84AB-4D59-476F-84A9-3091799EECC2}"
EndProject
Global
	GlobalSection(SolutionConfigurationPlatforms) = preSolution
		Debug|Any CPU = Debug|Any CPU
		Release|Any CPU = Release|Any CPU
	EndGlobalSection
	GlobalSection(ProjectConfigurationPlatforms) = postSolution
		{3FDB84AB-4D59-476F-84A9-3091799EECC2}.Debug|Any CPU.ActiveCfg = Debug|Any CPU
		{3FDB84AB-4D59-476F-84A9-3091799EECC2}.Debug|Any CPU.Build.0 = Debug|Any CPU
		{3FDB84AB-4D59-476F-84A9-3091799EECC2}.Release|Any CPU.ActiveCfg = Release|Any CPU
		{3FDB84AB-4D59-476F-84A9-3091799EECC2}.Release|Any CPU.Build.0 = Release|Any CPU
	EndGlobalSection
	GlobalSection(SolutionProperties) = preSolution
		HideSolutionNode = FALSE
	EndGlobalSection
	GlobalSection(ExtensibilityGlobals) = postSolution
		SolutionGuid = {EA42AC52-6F10-44C7-9D48-89F485DBAB6E}
	EndGlobalSection
EndGlobal
